%{"brod": {:hex, :brod, "3.0.0", "b3acc83fcb9a9d23e3dd662766953a42c0f903723b943474eaadf45e6b31026a", [], [{:kafka_protocol, "1.0.0", [hex: :kafka_protocol, repo: "hexpm", optional: false]}, {:supervisor3, "1.1.5", [hex: :supervisor3, repo: "hexpm", optional: false]}], "hexpm"},
  "bunt": {:hex, :bunt, "0.2.0", "951c6e801e8b1d2cbe58ebbd3e616a869061ddadcc4863d0a2182541acae9a38", [], [], "hexpm"},
  "credo": {:hex, :credo, "0.8.6", "335f723772d35da499b5ebfdaf6b426bfb73590b6fcbc8908d476b75f8cbca3f", [], [{:bunt, "~> 0.2.0", [hex: :bunt, repo: "hexpm", optional: false]}], "hexpm"},
  "dialyxir": {:hex, :dialyxir, "0.5.1", "b331b091720fd93e878137add264bac4f644e1ddae07a70bf7062c7862c4b952", [], [], "hexpm"},
  "kafka_protocol": {:hex, :kafka_protocol, "1.0.0", "f1eeef628f3f233ad9b8cc0134db21ce81e24f3104fa8be215da9caaffd1772f", [], [{:snappyer, "1.2.1", [hex: :snappyer, repo: "hexpm", optional: false]}], "hexpm"},
  "snappyer": {:hex, :snappyer, "1.2.1", "06c5f5c8afe80ba38e94e1ca1bd9253de95d8f2c85b08783e8d0f63815580556", [], [], "hexpm"},
  "supervisor3": {:hex, :supervisor3, "1.1.5", "5f3c487a6eba23de0e64c06e93efa0eca06f40324a6412c1318c77aca6da8424", [], [], "hexpm"}}
